
Microsoft Visual Studio Solution File, Format Version 12.00
# Visual Studio Version 16
VisualStudioVersion = 16.0.30517.126
MinimumVisualStudioVersion = 10.0.40219.1
Project("{FAE04EC0-301F-11D3-BF4B-00C04F79EFBC}") = "FoodHygieneMVC", "FoodHygieneMVC\FoodHygieneMVC.csproj", "{F393EBB3-1738-43B3-A6DE-268329768726}"
EndProject
Global
	GlobalSection(SolutionConfigurationPlatforms) = preSolution
		Debug|Any CPU = Debug|Any CPU
		Release|Any CPU = Release|Any CPU
	EndGlobalSection
	GlobalSection(ProjectConfigurationPlatforms) = postSolution
		{F393EBB3-1738-43B3-A6DE-268329768726}.Debug|Any CPU.ActiveCfg = Debug|Any CPU
		{F393EBB3-1738-43B3-A6DE-268329768726}.Debug|Any CPU.Build.0 = Debug|Any CPU
		{F393EBB3-1738-43B3-A6DE-268329768726}.Release|Any CPU.ActiveCfg = Release|Any CPU
		{F393EBB3-1738-43B3-A6DE-268329768726}.Release|Any CPU.Build.0 = Release|Any CPU
	EndGlobalSection
	GlobalSection(SolutionProperties) = preSolution
		HideSolutionNode = FALSE
	EndGlobalSection
	GlobalSection(ExtensibilityGlobals) = postSolution
		SolutionGuid = {DF43AD25-F017-4CB2-A5A5-0E19ADF61C87}
	EndGlobalSection
EndGlobal
